
Microsoft Visual Studio Solution File, Format Version 12.00
# Visual Studio Version 16
VisualStudioVersion = 16.0.30503.244
MinimumVisualStudioVersion = 10.0.40219.1
Project("{8BC9CEB8-8B4A-11D0-8D11-00A0C91BC942}") = "Семинар 3", "Семинар 3.vcxproj", "{01C495DB-797B-4758-BF91-B146A49D82AE}"
EndProject
Global
	GlobalSection(SolutionConfigurationPlatforms) = preSolution
		Debug|x64 = Debug|x64
		Debug|x86 = Debug|x86
		Release|x64 = Release|x64
		Release|x86 = Release|x86
	EndGlobalSection
	GlobalSection(ProjectConfigurationPlatforms) = postSolution
		{01C495DB-797B-4758-BF91-B146A49D82AE}.Debug|x64.ActiveCfg = Debug|x64
		{01C495DB-797B-4758-BF91-B146A49D82AE}.Debug|x64.Build.0 = Debug|x64
		{01C495DB-797B-4758-BF91-B146A49D82AE}.Debug|x86.ActiveCfg = Debug|Win32
		{01C495DB-797B-4758-BF91-B146A49D82AE}.Debug|x86.Build.0 = Debug|Win32
		{01C495DB-797B-4758-BF91-B146A49D82AE}.Release|x64.ActiveCfg = Release|x64
		{01C495DB-797B-4758-BF91-B146A49D82AE}.Release|x64.Build.0 = Release|x64
		{01C495DB-797B-4758-BF91-B146A49D82AE}.Release|x86.ActiveCfg = Release|Win32
		{01C495DB-797B-4758-BF91-B146A49D82AE}.Release|x86.Build.0 = Release|Win32
	EndGlobalSection
	GlobalSection(SolutionProperties) = preSolution
		HideSolutionNode = FALSE
	EndGlobalSection
	GlobalSection(ExtensibilityGlobals) = postSolution
		SolutionGuid = {20BC0C1A-115D-4E3B-AE37-D3EAD66BEA4E}
	EndGlobalSection
EndGlobal
