
Microsoft Visual Studio Solution File, Format Version 12.00
# Visual Studio Version 16
VisualStudioVersion = 16.0.30503.244
MinimumVisualStudioVersion = 10.0.40219.1
Project("{8BC9CEB8-8B4A-11D0-8D11-00A0C91BC942}") = "Задача 4", "Задача 4.vcxproj", "{F1C9019E-7A01-4718-A1DE-DCDB15088785}"
EndProject
Global
	GlobalSection(SolutionConfigurationPlatforms) = preSolution
		Debug|x64 = Debug|x64
		Debug|x86 = Debug|x86
		Release|x64 = Release|x64
		Release|x86 = Release|x86
	EndGlobalSection
	GlobalSection(ProjectConfigurationPlatforms) = postSolution
		{F1C9019E-7A01-4718-A1DE-DCDB15088785}.Debug|x64.ActiveCfg = Debug|x64
		{F1C9019E-7A01-4718-A1DE-DCDB15088785}.Debug|x64.Build.0 = Debug|x64
		{F1C9019E-7A01-4718-A1DE-DCDB15088785}.Debug|x86.ActiveCfg = Debug|Win32
		{F1C9019E-7A01-4718-A1DE-DCDB15088785}.Debug|x86.Build.0 = Debug|Win32
		{F1C9019E-7A01-4718-A1DE-DCDB15088785}.Release|x64.ActiveCfg = Release|x64
		{F1C9019E-7A01-4718-A1DE-DCDB15088785}.Release|x64.Build.0 = Release|x64
		{F1C9019E-7A01-4718-A1DE-DCDB15088785}.Release|x86.ActiveCfg = Release|Win32
		{F1C9019E-7A01-4718-A1DE-DCDB15088785}.Release|x86.Build.0 = Release|Win32
	EndGlobalSection
	GlobalSection(SolutionProperties) = preSolution
		HideSolutionNode = FALSE
	EndGlobalSection
	GlobalSection(ExtensibilityGlobals) = postSolution
		SolutionGuid = {D82617C1-7F80-4EBC-88DF-EA0F46817F5F}
	EndGlobalSection
EndGlobal
